
Microsoft Visual Studio Solution File, Format Version 12.00
# Visual Studio 2013
VisualStudioVersion = 12.0.31101.0
MinimumVisualStudioVersion = 10.0.40219.1
Project("{FAE04EC0-301F-11D3-BF4B-00C04F79EFBC}") = "Model", "Model\Model.csproj", "{C29BFB40-C647-4902-A6FF-08B6E7851358}"
EndProject
Project("{FAE04EC0-301F-11D3-BF4B-00C04F79EFBC}") = "Model.Tests", "Model.Tests\Model.Tests.csproj", "{DD27AC6E-C28B-4B93-A092-A7CD798D5FCB}"
EndProject
Project("{FAE04EC0-301F-11D3-BF4B-00C04F79EFBC}") = "BibliApi", "BibliApi\BibliApi.csproj", "{3E350DC4-C0B7-4862-885E-F3386341A781}"
EndProject
Global
	GlobalSection(SolutionConfigurationPlatforms) = preSolution
		Debug|Any CPU = Debug|Any CPU
		Release|Any CPU = Release|Any CPU
	EndGlobalSection
	GlobalSection(ProjectConfigurationPlatforms) = postSolution
		{C29BFB40-C647-4902-A6FF-08B6E7851358}.Debug|Any CPU.ActiveCfg = Debug|Any CPU
		{C29BFB40-C647-4902-A6FF-08B6E7851358}.Debug|Any CPU.Build.0 = Debug|Any CPU
		{C29BFB40-C647-4902-A6FF-08B6E7851358}.Release|Any CPU.ActiveCfg = Release|Any CPU
		{C29BFB40-C647-4902-A6FF-08B6E7851358}.Release|Any CPU.Build.0 = Release|Any CPU
		{DD27AC6E-C28B-4B93-A092-A7CD798D5FCB}.Debug|Any CPU.ActiveCfg = Debug|Any CPU
		{DD27AC6E-C28B-4B93-A092-A7CD798D5FCB}.Debug|Any CPU.Build.0 = Debug|Any CPU
		{DD27AC6E-C28B-4B93-A092-A7CD798D5FCB}.Release|Any CPU.ActiveCfg = Release|Any CPU
		{DD27AC6E-C28B-4B93-A092-A7CD798D5FCB}.Release|Any CPU.Build.0 = Release|Any CPU
		{3E350DC4-C0B7-4862-885E-F3386341A781}.Debug|Any CPU.ActiveCfg = Debug|Any CPU
		{3E350DC4-C0B7-4862-885E-F3386341A781}.Debug|Any CPU.Build.0 = Debug|Any CPU
		{3E350DC4-C0B7-4862-885E-F3386341A781}.Release|Any CPU.ActiveCfg = Release|Any CPU
		{3E350DC4-C0B7-4862-885E-F3386341A781}.Release|Any CPU.Build.0 = Release|Any CPU
	EndGlobalSection
	GlobalSection(SolutionProperties) = preSolution
		HideSolutionNode = FALSE
	EndGlobalSection
EndGlobal
